// !$*UTF8*$!
{
	archiveVersion = 1;
	classes = {
	};
	objectVersion = 48;
	objects = {

/* Begin PBXBuildFile section */
		C58C106A1FD46DA6001E8421 /* main.m in Sources */ = {isa = PBXBuildFile; fileRef = C58C10691FD46DA6001E8421 /* main.m */; };
		C58C10731FD4723E001E8421 /* 0505matrix.txt in CopyFiles */ = {isa = PBXBuildFile; fileRef = C58C10721FD47230001E8421 /* 0505matrix.txt */; };
		C58C10761FD4847A001E8421 /* 1520matrix.txt in CopyFiles */ = {isa = PBXBuildFile; fileRef = C58C10741FD4846D001E8421 /* 1520matrix.txt */; };
		C58C10771FD4847A001E8421 /* 2020matrix.txt in CopyFiles */ = {isa = PBXBuildFile; fileRef = C58C10751FD4846D001E8421 /* 2020matrix.txt */; };
/* End PBXBuildFile section */

/* Begin PBXCopyFilesBuildPhase section */
		C58C10641FD46DA5001E8421 /* CopyFiles */ = {
			isa = PBXCopyFilesBuildPhase;
			buildActionMask = 12;
			dstPath = "";
			dstSubfolderSpec = 16;
			files = (
				C58C10761FD4847A001E8421 /* 1520matrix.txt in CopyFiles */,
				C58C10771FD4847A001E8421 /* 2020matrix.txt in CopyFiles */,
				C58C10731FD4723E001E8421 /* 0505matrix.txt in CopyFiles */,
			);
			runOnlyForDeploymentPostprocessing = 0;
		};
/* End PBXCopyFilesBuildPhase section */

/* Begin PBXFileReference section */
		C58C10661FD46DA5001E8421 /* Word Puzzle */ = {isa = PBXFileReference; explicitFileType = "compiled.mach-o.executable"; includeInIndex = 0; path = "Word Puzzle"; sourceTree = BUILT_PRODUCTS_DIR; };
		C58C10691FD46DA6001E8421 /* main.m */ = {isa = PBXFileReference; lastKnownFileType = sourcecode.c.objc; path = main.m; sourceTree = "<group>"; };
		C58C10721FD47230001E8421 /* 0505matrix.txt */ = {isa = PBXFileReference; fileEncoding = 4; lastKnownFileType = text; path = 0505matrix.txt; sourceTree = "<group>"; };
		C58C10741FD4846D001E8421 /* 1520matrix.txt */ = {isa = PBXFileReference; fileEncoding = 4; lastKnownFileType = text; path = 1520matrix.txt; sourceTree = "<group>"; };
		C58C10751FD4846D001E8421 /* 2020matrix.txt */ = {isa = PBXFileReference; fileEncoding = 4; lastKnownFileType = text; path = 2020matrix.txt; sourceTree = "<group>"; };
/* End PBXFileReference section */

/* Begin PBXFrameworksBuildPhase section */
		C58C10631FD46DA5001E8421 /* Frameworks */ = {
			isa = PBXFrameworksBuildPhase;
			buildActionMask = 2147483647;
			files = (
			);
			runOnlyForDeploymentPostprocessing = 0;
		};
/* End PBXFrameworksBuildPhase section */

/* Begin PBXGroup section */
		C58C105D1FD46DA5001E8421 = {
			isa = PBXGroup;
			children = (
				C58C10681FD46DA6001E8421 /* Word Puzzle */,
				C58C10671FD46DA5001E8421 /* Products */,
			);
			sourceTree = "<group>";
		};
		C58C10671FD46DA5001E8421 /* Products */ = {
			isa = PBXGroup;
			children = (
				C58C10661FD46DA5001E8421 /* Word Puzzle */,
			);
			name = Products;
			sourceTree = "<group>";
		};
		C58C10681FD46DA6001E8421 /* Word Puzzle */ = {
			isa = PBXGroup;
			children = (
				C58C10691FD46DA6001E8421 /* main.m */,
				C58C10721FD47230001E8421 /* 0505matrix.txt */,
				C58C10741FD4846D001E8421 /* 1520matrix.txt */,
				C58C10751FD4846D001E8421 /* 2020matrix.txt */,
			);
			path = "Word Puzzle";
			sourceTree = "<group>";
		};
/* End PBXGroup section */

/* Begin PBXNativeTarget section */
		C58C10651FD46DA5001E8421 /* Word Puzzle */ = {
			isa = PBXNativeTarget;
			buildConfigurationList = C58C106D1FD46DA6001E8421 /* Build configuration list for PBXNativeTarget "Word Puzzle" */;
			buildPhases = (
				C58C10621FD46DA5001E8421 /* Sources */,
				C58C10631FD46DA5001E8421 /* Frameworks */,
				C58C10641FD46DA5001E8421 /* CopyFiles */,
			);
			buildRules = (
			);
			dependencies = (
			);
			name = "Word Puzzle";
			productName = "Word Puzzle";
			productReference = C58C10661FD46DA5001E8421 /* Word Puzzle */;
			productType = "com.apple.product-type.tool";
		};
/* End PBXNativeTarget section */

/* Begin PBXProject section */
		C58C105E1FD46DA5001E8421 /* Project object */ = {
			isa = PBXProject;
			attributes = {
				LastUpgradeCheck = 0910;
				ORGANIZATIONNAME = "Warren Seto";
				TargetAttributes = {
					C58C10651FD46DA5001E8421 = {
						CreatedOnToolsVersion = 9.1;
						ProvisioningStyle = Automatic;
					};
				};
			};
			buildConfigurationList = C58C10611FD46DA5001E8421 /* Build configuration list for PBXProject "Word Puzzle" */;
			compatibilityVersion = "Xcode 8.0";
			developmentRegion = en;
			hasScannedForEncodings = 0;
			knownRegions = (
				en,
			);
			mainGroup = C58C105D1FD46DA5001E8421;
			productRefGroup = C58C10671FD46DA5001E8421 /* Products */;
			projectDirPath = "";
			projectRoot = "";
			targets = (
				C58C10651FD46DA5001E8421 /* Word Puzzle */,
			);
		};
/* End PBXProject section */

/* Begin PBXSourcesBuildPhase section */
		C58C10621FD46DA5001E8421 /* Sources */ = {
			isa = PBXSourcesBuildPhase;
			buildActionMask = 2147483647;
			files = (
				C58C106A1FD46DA6001E8421 /* main.m in Sources */,
			);
			runOnlyForDeploymentPostprocessing = 0;
		};
/* End PBXSourcesBuildPhase section */

/* Begin XCBuildConfiguration section */
		C58C106B1FD46DA6001E8421 /* Debug */ = {
			isa = XCBuildConfiguration;
			buildSettings = {
				ALWAYS_SEARCH_USER_PATHS = NO;
				CLANG_ANALYZER_NONNULL = YES;
				CLANG_ANALYZER_NUMBER_OBJECT_CONVERSION = YES_AGGRESSIVE;
				CLANG_CXX_LANGUAGE_STANDARD = "gnu++14";
				CLANG_CXX_LIBRARY = "libc++";
				CLANG_ENABLE_MODULES = YES;
				CLANG_ENABLE_OBJC_ARC = YES;
				CLANG_WARN_BLOCK_CAPTURE_AUTORELEASING = YES;
				CLANG_WARN_BOOL_CONVERSION = YES;
				CLANG_WARN_COMMA = YES;
				CLANG_WARN_CONSTANT_CONVERSION = YES;
				CLANG_WARN_DIRECT_OBJC_ISA_USAGE = YES_ERROR;
				CLANG_WARN_DOCUMENTATION_COMMENTS = YES;
				CLANG_WARN_EMPTY_BODY = YES;
				CLANG_WARN_ENUM_CONVERSION = YES;
				CLANG_WARN_INFINITE_RECURSION = YES;
				CLANG_WARN_INT_CONVERSION = YES;
				CLANG_WARN_NON_LITERAL_NULL_CONVERSION = YES;
				CLANG_WARN_OBJC_LITERAL_CONVERSION = YES;
				CLANG_WARN_OBJC_ROOT_CLASS = YES_ERROR;
				CLANG_WARN_RANGE_LOOP_ANALYSIS = YES;
				CLANG_WARN_STRICT_PROTOTYPES = YES;
				CLANG_WARN_SUSPICIOUS_MOVE = YES;
				CLANG_WARN_UNGUARDED_AVAILABILITY = YES_AGGRESSIVE;
				CLANG_WARN_UNREACHABLE_CODE = YES;
				CLANG_WARN__DUPLICATE_METHOD_MATCH = YES;
				CODE_SIGN_IDENTITY = "-";
				COPY_PHASE_STRIP = NO;
				DEBUG_INFORMATION_FORMAT = dwarf;
				ENABLE_STRICT_OBJC_MSGSEND = YES;
				ENABLE_TESTABILITY = YES;
				GCC_C_LANGUAGE_STANDARD = gnu11;
				GCC_DYNAMIC_NO_PIC = NO;
				GCC_NO_COMMON_BLOCKS = YES;
				GCC_OPTIMIZATION_LEVEL = 0;
				GCC_PREPROCESSOR_DEFINITIONS = (
					"DEBUG=1",
					"$(inherited)",
				);
				GCC_WARN_64_TO_32_BIT_CONVERSION = YES;
				GCC_WARN_ABOUT_RETURN_TYPE = YES_ERROR;
				GCC_WARN_UNDECLARED_SELECTOR = YES;
				GCC_WARN_UNINITIALIZED_AUTOS = YES_AGGRESSIVE;
				GCC_WARN_UNUSED_FUNCTION = YES;
				GCC_WARN_UNUSED_VARIABLE = YES;
				MACOSX_DEPLOYMENT_TARGET = 10.13;
				MTL_ENABLE_DEBUG_INFO = YES;
				ONLY_ACTIVE_ARCH = YES;
				SDKROOT = macosx;
			};
			name = Debug;
		};
		C58C106C1FD46DA6001E8421 /* Release */ = {
			isa = XCBuildConfiguration;
			buildSettings = {
				ALWAYS_SEARCH_USER_PATHS = NO;
				CLANG_ANALYZER_NONNULL = YES;
				CLANG_ANALYZER_NUMBER_OBJECT_CONVERSION = YES_AGGRESSIVE;
				CLANG_CXX_LANGUAGE_STANDARD = "gnu++14";
				CLANG_CXX_LIBRARY = "libc++";
				CLANG_ENABLE_MODULES = YES;
				CLANG_ENABLE_OBJC_ARC = YES;
				CLANG_WARN_BLOCK_CAPTURE_AUTORELEASING = YES;
				CLANG_WARN_BOOL_CONVERSION = YES;
				CLANG_WARN_COMMA = YES;
				CLANG_WARN_CONSTANT_CONVERSION = YES;
				CLANG_WARN_DIRECT_OBJC_ISA_USAGE = YES_ERROR;
				CLANG_WARN_DOCUMENTATION_COMMENTS = YES;
				CLANG_WARN_EMPTY_BODY = YES;
				CLANG_WARN_ENUM_CONVERSION = YES;
				CLANG_WARN_INFINITE_RECURSION = YES;
				CLANG_WARN_INT_CONVERSION = YES;
				CLANG_WARN_NON_LITERAL_NULL_CONVERSION = YES;
				CLANG_WARN_OBJC_LITERAL_CONVERSION = YES;
				CLANG_WARN_OBJC_ROOT_CLASS = YES_ERROR;
				CLANG_WARN_RANGE_LOOP_ANALYSIS = YES;
				CLANG_WARN_STRICT_PROTOTYPES = YES;
				CLANG_WARN_SUSPICIOUS_MOVE = YES;
				CLANG_WARN_UNGUARDED_AVAILABILITY = YES_AGGRESSIVE;
				CLANG_WARN_UNREACHABLE_CODE = YES;
				CLANG_WARN__DUPLICATE_METHOD_MATCH = YES;
				CODE_SIGN_IDENTITY = "-";
				COPY_PHASE_STRIP = NO;
				DEBUG_INFORMATION_FORMAT = "dwarf-with-dsym";
				ENABLE_NS_ASSERTIONS = NO;
				ENABLE_STRICT_OBJC_MSGSEND = YES;
				GCC_C_LANGUAGE_STANDARD = gnu11;
				GCC_NO_COMMON_BLOCKS = YES;
				GCC_WARN_64_TO_32_BIT_CONVERSION = YES;
				GCC_WARN_ABOUT_RETURN_TYPE = YES_ERROR;
				GCC_WARN_UNDECLARED_SELECTOR = YES;
				GCC_WARN_UNINITIALIZED_AUTOS = YES_AGGRESSIVE;
				GCC_WARN_UNUSED_FUNCTION = YES;
				GCC_WARN_UNUSED_VARIABLE = YES;
				MACOSX_DEPLOYMENT_TARGET = 10.13;
				MTL_ENABLE_DEBUG_INFO = NO;
				SDKROOT = macosx;
			};
			name = Release;
		};
		C58C106E1FD46DA6001E8421 /* Debug */ = {
			isa = XCBuildConfiguration;
			buildSettings = {
				CODE_SIGN_STYLE = Automatic;
				PRODUCT_NAME = "$(TARGET_NAME)";
			};
			name = Debug;
		};
		C58C106F1FD46DA6001E8421 /* Release */ = {
			isa = XCBuildConfiguration;
			buildSettings = {
				CODE_SIGN_STYLE = Automatic;
				PRODUCT_NAME = "$(TARGET_NAME)";
			};
			name = Release;
		};
/* End XCBuildConfiguration section */

/* Begin XCConfigurationList section */
		C58C10611FD46DA5001E8421 /* Build configuration list for PBXProject "Word Puzzle" */ = {
			isa = XCConfigurationList;
			buildConfigurations = (
				C58C106B1FD46DA6001E8421 /* Debug */,
				C58C106C1FD46DA6001E8421 /* Release */,
			);
			defaultConfigurationIsVisible = 0;
			defaultConfigurationName = Release;
		};
		C58C106D1FD46DA6001E8421 /* Build configuration list for PBXNativeTarget "Word Puzzle" */ = {
			isa = XCConfigurationList;
			buildConfigurations = (
				C58C106E1FD46DA6001E8421 /* Debug */,
				C58C106F1FD46DA6001E8421 /* Release */,
			);
			defaultConfigurationIsVisible = 0;
			defaultConfigurationName = Release;
		};
/* End XCConfigurationList section */
	};
	rootObject = C58C105E1FD46DA5001E8421 /* Project object */;
}
